// !$*UTF8*$!
{
	archiveVersion = 1;
	classes = {
	};
	objectVersion = 56;
	objects = {

/* Begin PBXBuildFile section */
		24BC5D7729746F6800EDA02E /* SensorData.swift in Sources */ = {isa = PBXBuildFile; fileRef = 24BC5D7629746F6800EDA02E /* SensorData.swift */; };
		24BC5D7929746F6D00EDA02E /* SensorDataClient.swift in Sources */ = {isa = PBXBuildFile; fileRef = 24BC5D7829746F6D00EDA02E /* SensorDataClient.swift */; };
		24BC5D7B29746F7400EDA02E /* SensorDataProvider.swift in Sources */ = {isa = PBXBuildFile; fileRef = 24BC5D7A29746F7400EDA02E /* SensorDataProvider.swift */; };
		24BC5D7D2974709D00EDA02E /* AllDataView.swift in Sources */ = {isa = PBXBuildFile; fileRef = 24BC5D7C2974709D00EDA02E /* AllDataView.swift */; };
		24BC5D7F2974721B00EDA02E /* LatestDataView.swift in Sources */ = {isa = PBXBuildFile; fileRef = 24BC5D7E2974721B00EDA02E /* LatestDataView.swift */; };
		24BC5D812974828300EDA02E /* DateFormatter.swift in Sources */ = {isa = PBXBuildFile; fileRef = 24BC5D802974828300EDA02E /* DateFormatter.swift */; };
		24C4C5CA2972F9E60015D2D4 /* SmartHomeAppApp.swift in Sources */ = {isa = PBXBuildFile; fileRef = 24C4C5C92972F9E60015D2D4 /* SmartHomeAppApp.swift */; };
		24C4C5CC2972F9E60015D2D4 /* ContentView.swift in Sources */ = {isa = PBXBuildFile; fileRef = 24C4C5CB2972F9E60015D2D4 /* ContentView.swift */; };
		24C4C5CE2972F9E70015D2D4 /* Assets.xcassets in Resources */ = {isa = PBXBuildFile; fileRef = 24C4C5CD2972F9E70015D2D4 /* Assets.xcassets */; };
		24C4C5D22972F9E70015D2D4 /* Preview Assets.xcassets in Resources */ = {isa = PBXBuildFile; fileRef = 24C4C5D12972F9E70015D2D4 /* Preview Assets.xcassets */; };
/* End PBXBuildFile section */

/* Begin PBXFileReference section */
		24BC5D7629746F6800EDA02E /* SensorData.swift */ = {isa = PBXFileReference; fileEncoding = 4; lastKnownFileType = sourcecode.swift; path = SensorData.swift; sourceTree = "<group>"; };
		24BC5D7829746F6D00EDA02E /* SensorDataClient.swift */ = {isa = PBXFileReference; fileEncoding = 4; lastKnownFileType = sourcecode.swift; path = SensorDataClient.swift; sourceTree = "<group>"; };
		24BC5D7A29746F7400EDA02E /* SensorDataProvider.swift */ = {isa = PBXFileReference; fileEncoding = 4; lastKnownFileType = sourcecode.swift; path = SensorDataProvider.swift; sourceTree = "<group>"; };
		24BC5D7C2974709D00EDA02E /* AllDataView.swift */ = {isa = PBXFileReference; lastKnownFileType = sourcecode.swift; path = AllDataView.swift; sourceTree = "<group>"; };
		24BC5D7E2974721B00EDA02E /* LatestDataView.swift */ = {isa = PBXFileReference; lastKnownFileType = sourcecode.swift; path = LatestDataView.swift; sourceTree = "<group>"; };
		24BC5D802974828300EDA02E /* DateFormatter.swift */ = {isa = PBXFileReference; lastKnownFileType = sourcecode.swift; path = DateFormatter.swift; sourceTree = "<group>"; };
		24C4C5C62972F9E60015D2D4 /* SmartHomeApp.app */ = {isa = PBXFileReference; explicitFileType = wrapper.application; includeInIndex = 0; path = SmartHomeApp.app; sourceTree = BUILT_PRODUCTS_DIR; };
		24C4C5C92972F9E60015D2D4 /* SmartHomeAppApp.swift */ = {isa = PBXFileReference; lastKnownFileType = sourcecode.swift; path = SmartHomeAppApp.swift; sourceTree = "<group>"; };
		24C4C5CB2972F9E60015D2D4 /* ContentView.swift */ = {isa = PBXFileReference; lastKnownFileType = sourcecode.swift; path = ContentView.swift; sourceTree = "<group>"; };
		24C4C5CD2972F9E70015D2D4 /* Assets.xcassets */ = {isa = PBXFileReference; lastKnownFileType = folder.assetcatalog; path = Assets.xcassets; sourceTree = "<group>"; };
		24C4C5CF2972F9E70015D2D4 /* SmartHomeApp.entitlements */ = {isa = PBXFileReference; lastKnownFileType = text.plist.entitlements; path = SmartHomeApp.entitlements; sourceTree = "<group>"; };
		24C4C5D12972F9E70015D2D4 /* Preview Assets.xcassets */ = {isa = PBXFileReference; lastKnownFileType = folder.assetcatalog; path = "Preview Assets.xcassets"; sourceTree = "<group>"; };
/* End PBXFileReference section */

/* Begin PBXFrameworksBuildPhase section */
		24C4C5C32972F9E60015D2D4 /* Frameworks */ = {
			isa = PBXFrameworksBuildPhase;
			buildActionMask = 2147483647;
			files = (
			);
			runOnlyForDeploymentPostprocessing = 0;
		};
/* End PBXFrameworksBuildPhase section */

/* Begin PBXGroup section */
		24C4C5BD2972F9E60015D2D4 = {
			isa = PBXGroup;
			children = (
				24C4C5C82972F9E60015D2D4 /* SmartHomeApp */,
				24C4C5C72972F9E60015D2D4 /* Products */,
			);
			sourceTree = "<group>";
		};
		24C4C5C72972F9E60015D2D4 /* Products */ = {
			isa = PBXGroup;
			children = (
				24C4C5C62972F9E60015D2D4 /* SmartHomeApp.app */,
			);
			name = Products;
			sourceTree = "<group>";
		};
		24C4C5C82972F9E60015D2D4 /* SmartHomeApp */ = {
			isa = PBXGroup;
			children = (
				24C4C5C92972F9E60015D2D4 /* SmartHomeAppApp.swift */,
				24C4C5CB2972F9E60015D2D4 /* ContentView.swift */,
				24BC5D7C2974709D00EDA02E /* AllDataView.swift */,
				24BC5D802974828300EDA02E /* DateFormatter.swift */,
				24BC5D7E2974721B00EDA02E /* LatestDataView.swift */,
				24BC5D7829746F6D00EDA02E /* SensorDataClient.swift */,
				24BC5D7A29746F7400EDA02E /* SensorDataProvider.swift */,
				24BC5D7629746F6800EDA02E /* SensorData.swift */,
				24C4C5CD2972F9E70015D2D4 /* Assets.xcassets */,
				24C4C5CF2972F9E70015D2D4 /* SmartHomeApp.entitlements */,
				24C4C5D02972F9E70015D2D4 /* Preview Content */,
			);
			path = SmartHomeApp;
			sourceTree = "<group>";
		};
		24C4C5D02972F9E70015D2D4 /* Preview Content */ = {
			isa = PBXGroup;
			children = (
				24C4C5D12972F9E70015D2D4 /* Preview Assets.xcassets */,
			);
			path = "Preview Content";
			sourceTree = "<group>";
		};
/* End PBXGroup section */

/* Begin PBXNativeTarget section */
		24C4C5C52972F9E60015D2D4 /* SmartHomeApp */ = {
			isa = PBXNativeTarget;
			buildConfigurationList = 24C4C5D52972F9E70015D2D4 /* Build configuration list for PBXNativeTarget "SmartHomeApp" */;
			buildPhases = (
				24C4C5C22972F9E60015D2D4 /* Sources */,
				24C4C5C32972F9E60015D2D4 /* Frameworks */,
				24C4C5C42972F9E60015D2D4 /* Resources */,
			);
			buildRules = (
			);
			dependencies = (
			);
			name = SmartHomeApp;
			productName = SmartHomeApp;
			productReference = 24C4C5C62972F9E60015D2D4 /* SmartHomeApp.app */;
			productType = "com.apple.product-type.application";
		};
/* End PBXNativeTarget section */

/* Begin PBXProject section */
		24C4C5BE2972F9E60015D2D4 /* Project object */ = {
			isa = PBXProject;
			attributes = {
				BuildIndependentTargetsInParallel = 1;
				LastSwiftUpdateCheck = 1400;
				LastUpgradeCheck = 1400;
				TargetAttributes = {
					24C4C5C52972F9E60015D2D4 = {
						CreatedOnToolsVersion = 14.0;
					};
				};
			};
			buildConfigurationList = 24C4C5C12972F9E60015D2D4 /* Build configuration list for PBXProject "SmartHomeApp" */;
			compatibilityVersion = "Xcode 14.0";
			developmentRegion = en;
			hasScannedForEncodings = 0;
			knownRegions = (
				en,
				Base,
			);
			mainGroup = 24C4C5BD2972F9E60015D2D4;
			productRefGroup = 24C4C5C72972F9E60015D2D4 /* Products */;
			projectDirPath = "";
			projectRoot = "";
			targets = (
				24C4C5C52972F9E60015D2D4 /* SmartHomeApp */,
			);
		};
/* End PBXProject section */

/* Begin PBXResourcesBuildPhase section */
		24C4C5C42972F9E60015D2D4 /* Resources */ = {
			isa = PBXResourcesBuildPhase;
			buildActionMask = 2147483647;
			files = (
				24C4C5D22972F9E70015D2D4 /* Preview Assets.xcassets in Resources */,
				24C4C5CE2972F9E70015D2D4 /* Assets.xcassets in Resources */,
			);
			runOnlyForDeploymentPostprocessing = 0;
		};
/* End PBXResourcesBuildPhase section */

/* Begin PBXSourcesBuildPhase section */
		24C4C5C22972F9E60015D2D4 /* Sources */ = {
			isa = PBXSourcesBuildPhase;
			buildActionMask = 2147483647;
			files = (
				24BC5D812974828300EDA02E /* DateFormatter.swift in Sources */,
				24BC5D7F2974721B00EDA02E /* LatestDataView.swift in Sources */,
				24BC5D7929746F6D00EDA02E /* SensorDataClient.swift in Sources */,
				24BC5D7B29746F7400EDA02E /* SensorDataProvider.swift in Sources */,
				24C4C5CC2972F9E60015D2D4 /* ContentView.swift in Sources */,
				24C4C5CA2972F9E60015D2D4 /* SmartHomeAppApp.swift in Sources */,
				24BC5D7D2974709D00EDA02E /* AllDataView.swift in Sources */,
				24BC5D7729746F6800EDA02E /* SensorData.swift in Sources */,
			);
			runOnlyForDeploymentPostprocessing = 0;
		};
/* End PBXSourcesBuildPhase section */

/* Begin XCBuildConfiguration section */
		24C4C5D32972F9E70015D2D4 /* Debug */ = {
			isa = XCBuildConfiguration;
			buildSettings = {
				ALWAYS_SEARCH_USER_PATHS = NO;
				CLANG_ANALYZER_NONNULL = YES;
				CLANG_ANALYZER_NUMBER_OBJECT_CONVERSION = YES_AGGRESSIVE;
				CLANG_CXX_LANGUAGE_STANDARD = "gnu++20";
				CLANG_ENABLE_MODULES = YES;
				CLANG_ENABLE_OBJC_ARC = YES;
				CLANG_ENABLE_OBJC_WEAK = YES;
				CLANG_WARN_BLOCK_CAPTURE_AUTORELEASING = YES;
				CLANG_WARN_BOOL_CONVERSION = YES;
				CLANG_WARN_COMMA = YES;
				CLANG_WARN_CONSTANT_CONVERSION = YES;
				CLANG_WARN_DEPRECATED_OBJC_IMPLEMENTATIONS = YES;
				CLANG_WARN_DIRECT_OBJC_ISA_USAGE = YES_ERROR;
				CLANG_WARN_DOCUMENTATION_COMMENTS = YES;
				CLANG_WARN_EMPTY_BODY = YES;
				CLANG_WARN_ENUM_CONVERSION = YES;
				CLANG_WARN_INFINITE_RECURSION = YES;
				CLANG_WARN_INT_CONVERSION = YES;
				CLANG_WARN_NON_LITERAL_NULL_CONVERSION = YES;
				CLANG_WARN_OBJC_IMPLICIT_RETAIN_SELF = YES;
				CLANG_WARN_OBJC_LITERAL_CONVERSION = YES;
				CLANG_WARN_OBJC_ROOT_CLASS = YES_ERROR;
				CLANG_WARN_QUOTED_INCLUDE_IN_FRAMEWORK_HEADER = YES;
				CLANG_WARN_RANGE_LOOP_ANALYSIS = YES;
				CLANG_WARN_STRICT_PROTOTYPES = YES;
				CLANG_WARN_SUSPICIOUS_MOVE = YES;
				CLANG_WARN_UNGUARDED_AVAILABILITY = YES_AGGRESSIVE;
				CLANG_WARN_UNREACHABLE_CODE = YES;
				CLANG_WARN__DUPLICATE_METHOD_MATCH = YES;
				COPY_PHASE_STRIP = NO;
				DEBUG_INFORMATION_FORMAT = dwarf;
				ENABLE_STRICT_OBJC_MSGSEND = YES;
				ENABLE_TESTABILITY = YES;
				GCC_C_LANGUAGE_STANDARD = gnu11;
				GCC_DYNAMIC_NO_PIC = NO;
				GCC_NO_COMMON_BLOCKS = YES;
				GCC_OPTIMIZATION_LEVEL = 0;
				GCC_PREPROCESSOR_DEFINITIONS = (
					"DEBUG=1",
					"$(inherited)",
				);
				GCC_WARN_64_TO_32_BIT_CONVERSION = YES;
				GCC_WARN_ABOUT_RETURN_TYPE = YES_ERROR;
				GCC_WARN_UNDECLARED_SELECTOR = YES;
				GCC_WARN_UNINITIALIZED_AUTOS = YES_AGGRESSIVE;
				GCC_WARN_UNUSED_FUNCTION = YES;
				GCC_WARN_UNUSED_VARIABLE = YES;
				MTL_ENABLE_DEBUG_INFO = INCLUDE_SOURCE;
				MTL_FAST_MATH = YES;
				ONLY_ACTIVE_ARCH = YES;
				SWIFT_ACTIVE_COMPILATION_CONDITIONS = DEBUG;
				SWIFT_OPTIMIZATION_LEVEL = "-Onone";
			};
			name = Debug;
		};
		24C4C5D42972F9E70015D2D4 /* Release */ = {
			isa = XCBuildConfiguration;
			buildSettings = {
				ALWAYS_SEARCH_USER_PATHS = NO;
				CLANG_ANALYZER_NONNULL = YES;
				CLANG_ANALYZER_NUMBER_OBJECT_CONVERSION = YES_AGGRESSIVE;
				CLANG_CXX_LANGUAGE_STANDARD = "gnu++20";
				CLANG_ENABLE_MODULES = YES;
				CLANG_ENABLE_OBJC_ARC = YES;
				CLANG_ENABLE_OBJC_WEAK = YES;
				CLANG_WARN_BLOCK_CAPTURE_AUTORELEASING = YES;
				CLANG_WARN_BOOL_CONVERSION = YES;
				CLANG_WARN_COMMA = YES;
				CLANG_WARN_CONSTANT_CONVERSION = YES;
				CLANG_WARN_DEPRECATED_OBJC_IMPLEMENTATIONS = YES;
				CLANG_WARN_DIRECT_OBJC_ISA_USAGE = YES_ERROR;
				CLANG_WARN_DOCUMENTATION_COMMENTS = YES;
				CLANG_WARN_EMPTY_BODY = YES;
				CLANG_WARN_ENUM_CONVERSION = YES;
				CLANG_WARN_INFINITE_RECURSION = YES;
				CLANG_WARN_INT_CONVERSION = YES;
				CLANG_WARN_NON_LITERAL_NULL_CONVERSION = YES;
				CLANG_WARN_OBJC_IMPLICIT_RETAIN_SELF = YES;
				CLANG_WARN_OBJC_LITERAL_CONVERSION = YES;
				CLANG_WARN_OBJC_ROOT_CLASS = YES_ERROR;
				CLANG_WARN_QUOTED_INCLUDE_IN_FRAMEWORK_HEADER = YES;
				CLANG_WARN_RANGE_LOOP_ANALYSIS = YES;
				CLANG_WARN_STRICT_PROTOTYPES = YES;
				CLANG_WARN_SUSPICIOUS_MOVE = YES;
				CLANG_WARN_UNGUARDED_AVAILABILITY = YES_AGGRESSIVE;
				CLANG_WARN_UNREACHABLE_CODE = YES;
				CLANG_WARN__DUPLICATE_METHOD_MATCH = YES;
				COPY_PHASE_STRIP = NO;
				DEBUG_INFORMATION_FORMAT = "dwarf-with-dsym";
				ENABLE_NS_ASSERTIONS = NO;
				ENABLE_STRICT_OBJC_MSGSEND = YES;
				GCC_C_LANGUAGE_STANDARD = gnu11;
				GCC_NO_COMMON_BLOCKS = YES;
				GCC_WARN_64_TO_32_BIT_CONVERSION = YES;
				GCC_WARN_ABOUT_RETURN_TYPE = YES_ERROR;
				GCC_WARN_UNDECLARED_SELECTOR = YES;
				GCC_WARN_UNINITIALIZED_AUTOS = YES_AGGRESSIVE;
				GCC_WARN_UNUSED_FUNCTION = YES;
				GCC_WARN_UNUSED_VARIABLE = YES;
				MTL_ENABLE_DEBUG_INFO = NO;
				MTL_FAST_MATH = YES;
				SWIFT_COMPILATION_MODE = wholemodule;
				SWIFT_OPTIMIZATION_LEVEL = "-O";
			};
			name = Release;
		};
		24C4C5D62972F9E70015D2D4 /* Debug */ = {
			isa = XCBuildConfiguration;
			buildSettings = {
				ASSETCATALOG_COMPILER_APPICON_NAME = AppIcon;
				ASSETCATALOG_COMPILER_GLOBAL_ACCENT_COLOR_NAME = AccentColor;
				CODE_SIGN_ENTITLEMENTS = SmartHomeApp/SmartHomeApp.entitlements;
				CODE_SIGN_STYLE = Automatic;
				CURRENT_PROJECT_VERSION = 1;
				DEVELOPMENT_ASSET_PATHS = "\"SmartHomeApp/Preview Content\"";
				DEVELOPMENT_TEAM = S23K6FZZPL;
				ENABLE_HARDENED_RUNTIME = YES;
				ENABLE_PREVIEWS = YES;
				GENERATE_INFOPLIST_FILE = YES;
				"INFOPLIST_KEY_UIApplicationSceneManifest_Generation[sdk=iphoneos*]" = YES;
				"INFOPLIST_KEY_UIApplicationSceneManifest_Generation[sdk=iphonesimulator*]" = YES;
				"INFOPLIST_KEY_UIApplicationSupportsIndirectInputEvents[sdk=iphoneos*]" = YES;
				"INFOPLIST_KEY_UIApplicationSupportsIndirectInputEvents[sdk=iphonesimulator*]" = YES;
				"INFOPLIST_KEY_UILaunchScreen_Generation[sdk=iphoneos*]" = YES;
				"INFOPLIST_KEY_UILaunchScreen_Generation[sdk=iphonesimulator*]" = YES;
				"INFOPLIST_KEY_UIStatusBarStyle[sdk=iphoneos*]" = UIStatusBarStyleDefault;
				"INFOPLIST_KEY_UIStatusBarStyle[sdk=iphonesimulator*]" = UIStatusBarStyleDefault;
				INFOPLIST_KEY_UISupportedInterfaceOrientations_iPad = "UIInterfaceOrientationPortrait UIInterfaceOrientationPortraitUpsideDown UIInterfaceOrientationLandscapeLeft UIInterfaceOrientationLandscapeRight";
				INFOPLIST_KEY_UISupportedInterfaceOrientations_iPhone = "UIInterfaceOrientationPortrait UIInterfaceOrientationLandscapeLeft UIInterfaceOrientationLandscapeRight";
				IPHONEOS_DEPLOYMENT_TARGET = 16.0;
				LD_RUNPATH_SEARCH_PATHS = "@executable_path/Frameworks";
				"LD_RUNPATH_SEARCH_PATHS[sdk=macosx*]" = "@executable_path/../Frameworks";
				MACOSX_DEPLOYMENT_TARGET = 12.3;
				MARKETING_VERSION = 1.0;
				PRODUCT_BUNDLE_IDENTIFIER = ru.tuxracer.SmartHomeApp;
				PRODUCT_NAME = "$(TARGET_NAME)";
				SDKROOT = auto;
				SUPPORTED_PLATFORMS = "iphoneos iphonesimulator macosx";
				SWIFT_EMIT_LOC_STRINGS = YES;
				SWIFT_VERSION = 5.0;
				TARGETED_DEVICE_FAMILY = "1,2";
			};
			name = Debug;
		};
		24C4C5D72972F9E70015D2D4 /* Release */ = {
			isa = XCBuildConfiguration;
			buildSettings = {
				ASSETCATALOG_COMPILER_APPICON_NAME = AppIcon;
				ASSETCATALOG_COMPILER_GLOBAL_ACCENT_COLOR_NAME = AccentColor;
				CODE_SIGN_ENTITLEMENTS = SmartHomeApp/SmartHomeApp.entitlements;
				CODE_SIGN_STYLE = Automatic;
				CURRENT_PROJECT_VERSION = 1;
				DEVELOPMENT_ASSET_PATHS = "\"SmartHomeApp/Preview Content\"";
				DEVELOPMENT_TEAM = S23K6FZZPL;
				ENABLE_HARDENED_RUNTIME = YES;
				ENABLE_PREVIEWS = YES;
				GENERATE_INFOPLIST_FILE = YES;
				"INFOPLIST_KEY_UIApplicationSceneManifest_Generation[sdk=iphoneos*]" = YES;
				"INFOPLIST_KEY_UIApplicationSceneManifest_Generation[sdk=iphonesimulator*]" = YES;
				"INFOPLIST_KEY_UIApplicationSupportsIndirectInputEvents[sdk=iphoneos*]" = YES;
				"INFOPLIST_KEY_UIApplicationSupportsIndirectInputEvents[sdk=iphonesimulator*]" = YES;
				"INFOPLIST_KEY_UILaunchScreen_Generation[sdk=iphoneos*]" = YES;
				"INFOPLIST_KEY_UILaunchScreen_Generation[sdk=iphonesimulator*]" = YES;
				"INFOPLIST_KEY_UIStatusBarStyle[sdk=iphoneos*]" = UIStatusBarStyleDefault;
				"INFOPLIST_KEY_UIStatusBarStyle[sdk=iphonesimulator*]" = UIStatusBarStyleDefault;
				INFOPLIST_KEY_UISupportedInterfaceOrientations_iPad = "UIInterfaceOrientationPortrait UIInterfaceOrientationPortraitUpsideDown UIInterfaceOrientationLandscapeLeft UIInterfaceOrientationLandscapeRight";
				INFOPLIST_KEY_UISupportedInterfaceOrientations_iPhone = "UIInterfaceOrientationPortrait UIInterfaceOrientationLandscapeLeft UIInterfaceOrientationLandscapeRight";
				IPHONEOS_DEPLOYMENT_TARGET = 16.0;
				LD_RUNPATH_SEARCH_PATHS = "@executable_path/Frameworks";
				"LD_RUNPATH_SEARCH_PATHS[sdk=macosx*]" = "@executable_path/../Frameworks";
				MACOSX_DEPLOYMENT_TARGET = 12.3;
				MARKETING_VERSION = 1.0;
				PRODUCT_BUNDLE_IDENTIFIER = ru.tuxracer.SmartHomeApp;
				PRODUCT_NAME = "$(TARGET_NAME)";
				SDKROOT = auto;
				SUPPORTED_PLATFORMS = "iphoneos iphonesimulator macosx";
				SWIFT_EMIT_LOC_STRINGS = YES;
				SWIFT_VERSION = 5.0;
				TARGETED_DEVICE_FAMILY = "1,2";
			};
			name = Release;
		};
/* End XCBuildConfiguration section */

/* Begin XCConfigurationList section */
		24C4C5C12972F9E60015D2D4 /* Build configuration list for PBXProject "SmartHomeApp" */ = {
			isa = XCConfigurationList;
			buildConfigurations = (
				24C4C5D32972F9E70015D2D4 /* Debug */,
				24C4C5D42972F9E70015D2D4 /* Release */,
			);
			defaultConfigurationIsVisible = 0;
			defaultConfigurationName = Release;
		};
		24C4C5D52972F9E70015D2D4 /* Build configuration list for PBXNativeTarget "SmartHomeApp" */ = {
			isa = XCConfigurationList;
			buildConfigurations = (
				24C4C5D62972F9E70015D2D4 /* Debug */,
				24C4C5D72972F9E70015D2D4 /* Release */,
			);
			defaultConfigurationIsVisible = 0;
			defaultConfigurationName = Release;
		};
/* End XCConfigurationList section */
	};
	rootObject = 24C4C5BE2972F9E60015D2D4 /* Project object */;
}
